# This file is automatically @generated by Cargo.
# It is not intended for manual editing.
version = 4

[[package]]
name = "meson-next"
version = "1.2.3"
source = "registry+https://github.com/rust-lang/crates.io-index"
checksum = "ee1d41dd30a4fb9d967567e48a2d24ae193c6d3183baaf29d19b8f85d1c4a4e2"

[[package]]
name = "rat_rs"
version = "0.1.0"
dependencies = [
 "meson-next",
]
